// !$*UTF8*$!
{
	archiveVersion = 1;
	classes = {
	};
	objectVersion = 77;
	objects = {

/* Begin PBXContainerItemProxy section */
		EEDBFD8D2FF81CC00092E800 /* PBXContainerItemProxy */ = {
			isa = PBXContainerItemProxy;
			containerPortal = EEDBFD742FF81CBF0092E800 /* Project object */;
			proxyType = 1;
			remoteGlobalIDString = EEDBFD7B2FF81CBF0092E800;
			remoteInfo = LittleGalileo;
		};
		EEDBFD972FF81CC00092E800 /* PBXContainerItemProxy */ = {
			isa = PBXContainerItemProxy;
			containerPortal = EEDBFD742FF81CBF0092E800 /* Project object */;
			proxyType = 1;
			remoteGlobalIDString = EEDBFD7B2FF81CBF0092E800;
			remoteInfo = LittleGalileo;
		};
/* End PBXContainerItemProxy section */

/* Begin PBXFileReference section */
		EEDBFD7C2FF81CBF0092E800 /* LittleGalileo.app */ = {isa = PBXFileReference; explicitFileType = wrapper.application; includeInIndex = 0; path = LittleGalileo.app; sourceTree = BUILT_PRODUCTS_DIR; };
		EEDBFD8C2FF81CC00092E800 /* LittleGalileoTests.xctest */ = {isa = PBXFileReference; explicitFileType = wrapper.cfbundle; includeInIndex = 0; path = LittleGalileoTests.xctest; sourceTree = BUILT_PRODUCTS_DIR; };
		EEDBFD962FF81CC00092E800 /* LittleGalileoUITests.xctest */ = {isa = PBXFileReference; explicitFileType = wrapper.cfbundle; includeInIndex = 0; path = LittleGalileoUITests.xctest; sourceTree = BUILT_PRODUCTS_DIR; };
/* End PBXFileReference section */

/* Begin PBXFileSystemSynchronizedRootGroup section */
		EEDBFD7E2FF81CBF0092E800 /* LittleGalileo */ = {
			isa = PBXFileSystemSynchronizedRootGroup;
			path = LittleGalileo;
			sourceTree = "<group>";
		};
		EEDBFD8F2FF81CC00092E800 /* LittleGalileoTests */ = {
			isa = PBXFileSystemSynchronizedRootGroup;
			path = LittleGalileoTests;
			sourceTree = "<group>";
		};
		EEDBFD992FF81CC00092E800 /* LittleGalileoUITests */ = {
			isa = PBXFileSystemSynchronizedRootGroup;
			path = LittleGalileoUITests;
			sourceTree = "<group>";
		};
/* End PBXFileSystemSynchronizedRootGroup section */

/* Begin PBXFrameworksBuildPhase section */
		EEDBFD792FF81CBF0092E800 /* Frameworks */ = {
			isa = PBXFrameworksBuildPhase;
			buildActionMask = 2147483647;
			files = (
			);
			runOnlyForDeploymentPostprocessing = 0;
		};
		EEDBFD892FF81CC00092E800 /* Frameworks */ = {
			isa = PBXFrameworksBuildPhase;
			buildActionMask = 2147483647;
			files = (
			);
			runOnlyForDeploymentPostprocessing = 0;
		};
		EEDBFD932FF81CC00092E800 /* Frameworks */ = {
			isa = PBXFrameworksBuildPhase;
			buildActionMask = 2147483647;
			files = (
			);
			runOnlyForDeploymentPostprocessing = 0;
		};
/* End PBXFrameworksBuildPhase section */

/* Begin PBXGroup section */
		EEDBFD732FF81CBF0092E800 = {
			isa = PBXGroup;
			children = (
				EEDBFD7E2FF81CBF0092E800 /* LittleGalileo */,
				EEDBFD8F2FF81CC00092E800 /* LittleGalileoTests */,
				EEDBFD992FF81CC00092E800 /* LittleGalileoUITests */,
				EEDBFD7D2FF81CBF0092E800 /* Products */,
			);
			sourceTree = "<group>";
		};
		EEDBFD7D2FF81CBF0092E800 /* Products */ = {
			isa = PBXGroup;
			children = (
				EEDBFD7C2FF81CBF0092E800 /* LittleGalileo.app */,
				EEDBFD8C2FF81CC00092E800 /* LittleGalileoTests.xctest */,
				EEDBFD962FF81CC00092E800 /* LittleGalileoUITests.xctest */,
			);
			name = Products;
			sourceTree = "<group>";
		};
/* End PBXGroup section */

/* Begin PBXNativeTarget section */
		EEDBFD7B2FF81CBF0092E800 /* LittleGalileo */ = {
			isa = PBXNativeTarget;
			buildConfigurationList = EEDBFDA02FF81CC00092E800 /* Build configuration list for PBXNativeTarget "LittleGalileo" */;
			buildPhases = (
				EEDBFD782FF81CBF0092E800 /* Sources */,
				EEDBFD792FF81CBF0092E800 /* Frameworks */,
				EEDBFD7A2FF81CBF0092E800 /* Resources */,
			);
			buildRules = (
			);
			dependencies = (
			);
			fileSystemSynchronizedGroups = (
				EEDBFD7E2FF81CBF0092E800 /* LittleGalileo */,
			);
			name = LittleGalileo;
			packageProductDependencies = (
			);
			productName = LittleGalileo;
			productReference = EEDBFD7C2FF81CBF0092E800 /* LittleGalileo.app */;
			productType = "com.apple.product-type.application";
		};
		EEDBFD8B2FF81CC00092E800 /* LittleGalileoTests */ = {
			isa = PBXNativeTarget;
			buildConfigurationList = EEDBFDA32FF81CC00092E800 /* Build configuration list for PBXNativeTarget "LittleGalileoTests" */;
			buildPhases = (
				EEDBFD882FF81CC00092E800 /* Sources */,
				EEDBFD892FF81CC00092E800 /* Frameworks */,
				EEDBFD8A2FF81CC00092E800 /* Resources */,
			);
			buildRules = (
			);
			dependencies = (
				EEDBFD8E2FF81CC00092E800 /* PBXTargetDependency */,
			);
			fileSystemSynchronizedGroups = (
				EEDBFD8F2FF81CC00092E800 /* LittleGalileoTests */,
			);
			name = LittleGalileoTests;
			packageProductDependencies = (
			);
			productName = LittleGalileoTests;
			productReference = EEDBFD8C2FF81CC00092E800 /* LittleGalileoTests.xctest */;
			productType = "com.apple.product-type.bundle.unit-test";
		};
		EEDBFD952FF81CC00092E800 /* LittleGalileoUITests */ = {
			isa = PBXNativeTarget;
			buildConfigurationList = EEDBFDA62FF81CC00092E800 /* Build configuration list for PBXNativeTarget "LittleGalileoUITests" */;
			buildPhases = (
				EEDBFD922FF81CC00092E800 /* Sources */,
				EEDBFD932FF81CC00092E800 /* Frameworks */,
				EEDBFD942FF81CC00092E800 /* Resources */,
			);
			buildRules = (
			);
			dependencies = (
				EEDBFD982FF81CC00092E800 /* PBXTargetDependency */,
			);
			fileSystemSynchronizedGroups = (
				EEDBFD992FF81CC00092E800 /* LittleGalileoUITests */,
			);
			name = LittleGalileoUITests;
			packageProductDependencies = (
			);
			productName = LittleGalileoUITests;
			productReference = EEDBFD962FF81CC00092E800 /* LittleGalileoUITests.xctest */;
			productType = "com.apple.product-type.bundle.ui-testing";
		};
/* End PBXNativeTarget section */

/* Begin PBXProject section */
		EEDBFD742FF81CBF0092E800 /* Project object */ = {
			isa = PBXProject;
			attributes = {
				BuildIndependentTargetsInParallel = 1;
				LastSwiftUpdateCheck = 1620;
				LastUpgradeCheck = 1620;
				TargetAttributes = {
					EEDBFD7B2FF81CBF0092E800 = {
						CreatedOnToolsVersion = 16.2;
					};
					EEDBFD8B2FF81CC00092E800 = {
						CreatedOnToolsVersion = 16.2;
						TestTargetID = EEDBFD7B2FF81CBF0092E800;
					};
					EEDBFD952FF81CC00092E800 = {
						CreatedOnToolsVersion = 16.2;
						TestTargetID = EEDBFD7B2FF81CBF0092E800;
					};
				};
			};
			buildConfigurationList = EEDBFD772FF81CBF0092E800 /* Build configuration list for PBXProject "LittleGalileo" */;
			developmentRegion = en;
			hasScannedForEncodings = 0;
			knownRegions = (
				en,
				Base,
			);
			mainGroup = EEDBFD732FF81CBF0092E800;
			minimizedProjectReferenceProxies = 1;
			preferredProjectObjectVersion = 77;
			productRefGroup = EEDBFD7D2FF81CBF0092E800 /* Products */;
			projectDirPath = "";
			projectRoot = "";
			targets = (
				EEDBFD7B2FF81CBF0092E800 /* LittleGalileo */,
				EEDBFD8B2FF81CC00092E800 /* LittleGalileoTests */,
				EEDBFD952FF81CC00092E800 /* LittleGalileoUITests */,
			);
		};
/* End PBXProject section */

/* Begin PBXResourcesBuildPhase section */
		EEDBFD7A2FF81CBF0092E800 /* Resources */ = {
			isa = PBXResourcesBuildPhase;
			buildActionMask = 2147483647;
			files = (
			);
			runOnlyForDeploymentPostprocessing = 0;
		};
		EEDBFD8A2FF81CC00092E800 /* Resources */ = {
			isa = PBXResourcesBuildPhase;
			buildActionMask = 2147483647;
			files = (
			);
			runOnlyForDeploymentPostprocessing = 0;
		};
		EEDBFD942FF81CC00092E800 /* Resources */ = {
			isa = PBXResourcesBuildPhase;
			buildActionMask = 2147483647;
			files = (
			);
			runOnlyForDeploymentPostprocessing = 0;
		};
/* End PBXResourcesBuildPhase section */

/* Begin PBXSourcesBuildPhase section */
		EEDBFD782FF81CBF0092E800 /* Sources */ = {
			isa = PBXSourcesBuildPhase;
			buildActionMask = 2147483647;
			files = (
			);
			runOnlyForDeploymentPostprocessing = 0;
		};
		EEDBFD882FF81CC00092E800 /* Sources */ = {
			isa = PBXSourcesBuildPhase;
			buildActionMask = 2147483647;
			files = (
			);
			runOnlyForDeploymentPostprocessing = 0;
		};
		EEDBFD922FF81CC00092E800 /* Sources */ = {
			isa = PBXSourcesBuildPhase;
			buildActionMask = 2147483647;
			files = (
			);
			runOnlyForDeploymentPostprocessing = 0;
		};
/* End PBXSourcesBuildPhase section */

/* Begin PBXTargetDependency section */
		EEDBFD8E2FF81CC00092E800 /* PBXTargetDependency */ = {
			isa = PBXTargetDependency;
			target = EEDBFD7B2FF81CBF0092E800 /* LittleGalileo */;
			targetProxy = EEDBFD8D2FF81CC00092E800 /* PBXContainerItemProxy */;
		};
		EEDBFD982FF81CC00092E800 /* PBXTargetDependency */ = {
			isa = PBXTargetDependency;
			target = EEDBFD7B2FF81CBF0092E800 /* LittleGalileo */;
			targetProxy = EEDBFD972FF81CC00092E800 /* PBXContainerItemProxy */;
		};
/* End PBXTargetDependency section */

/* Begin XCBuildConfiguration section */
		EEDBFD9E2FF81CC00092E800 /* Debug */ = {
			isa = XCBuildConfiguration;
			buildSettings = {
				ALWAYS_SEARCH_USER_PATHS = NO;
				ASSETCATALOG_COMPILER_GENERATE_SWIFT_ASSET_SYMBOL_EXTENSIONS = YES;
				CLANG_ANALYZER_NONNULL = YES;
				CLANG_ANALYZER_NUMBER_OBJECT_CONVERSION = YES_AGGRESSIVE;
				CLANG_CXX_LANGUAGE_STANDARD = "gnu++20";
				CLANG_ENABLE_MODULES = YES;
				CLANG_ENABLE_OBJC_ARC = YES;
				CLANG_ENABLE_OBJC_WEAK = YES;
				CLANG_WARN_BLOCK_CAPTURE_AUTORELEASING = YES;
				CLANG_WARN_BOOL_CONVERSION = YES;
				CLANG_WARN_COMMA = YES;
				CLANG_WARN_CONSTANT_CONVERSION = YES;
				CLANG_WARN_DEPRECATED_OBJC_IMPLEMENTATIONS = YES;
				CLANG_WARN_DIRECT_OBJC_ISA_USAGE = YES_ERROR;
				CLANG_WARN_DOCUMENTATION_COMMENTS = YES;
				CLANG_WARN_EMPTY_BODY = YES;
				CLANG_WARN_ENUM_CONVERSION = YES;
				CLANG_WARN_INFINITE_RECURSION = YES;
				CLANG_WARN_INT_CONVERSION = YES;
				CLANG_WARN_NON_LITERAL_NULL_CONVERSION = YES;
				CLANG_WARN_OBJC_IMPLICIT_RETAIN_SELF = YES;
				CLANG_WARN_OBJC_LITERAL_CONVERSION = YES;
				CLANG_WARN_OBJC_ROOT_CLASS = YES_ERROR;
				CLANG_WARN_QUOTED_INCLUDE_IN_FRAMEWORK_HEADER = YES;
				CLANG_WARN_RANGE_LOOP_ANALYSIS = YES;
				CLANG_WARN_STRICT_PROTOTYPES = YES;
				CLANG_WARN_SUSPICIOUS_MOVE = YES;
				CLANG_WARN_UNGUARDED_AVAILABILITY = YES_AGGRESSIVE;
				CLANG_WARN_UNREACHABLE_CODE = YES;
				CLANG_WARN__DUPLICATE_METHOD_MATCH = YES;
				COPY_PHASE_STRIP = NO;
				DEBUG_INFORMATION_FORMAT = dwarf;
				ENABLE_STRICT_OBJC_MSGSEND = YES;
				ENABLE_TESTABILITY = YES;
				ENABLE_USER_SCRIPT_SANDBOXING = YES;
				GCC_C_LANGUAGE_STANDARD = gnu17;
				GCC_DYNAMIC_NO_PIC = NO;
				GCC_NO_COMMON_BLOCKS = YES;
				GCC_OPTIMIZATION_LEVEL = 0;
				GCC_PREPROCESSOR_DEFINITIONS = (
					"DEBUG=1",
					"$(inherited)",
				);
				GCC_WARN_64_TO_32_BIT_CONVERSION = YES;
				GCC_WARN_ABOUT_RETURN_TYPE = YES_ERROR;
				GCC_WARN_UNDECLARED_SELECTOR = YES;
				GCC_WARN_UNINITIALIZED_AUTOS = YES_AGGRESSIVE;
				GCC_WARN_UNUSED_FUNCTION = YES;
				GCC_WARN_UNUSED_VARIABLE = YES;
				IPHONEOS_DEPLOYMENT_TARGET = 18.2;
				LOCALIZATION_PREFERS_STRING_CATALOGS = YES;
				MTL_ENABLE_DEBUG_INFO = INCLUDE_SOURCE;
				MTL_FAST_MATH = YES;
				ONLY_ACTIVE_ARCH = YES;
				SDKROOT = iphoneos;
				SWIFT_ACTIVE_COMPILATION_CONDITIONS = "DEBUG $(inherited)";
				SWIFT_OPTIMIZATION_LEVEL = "-Onone";
			};
			name = Debug;
		};
		EEDBFD9F2FF81CC00092E800 /* Release */ = {
			isa = XCBuildConfiguration;
			buildSettings = {
				ALWAYS_SEARCH_USER_PATHS = NO;
				ASSETCATALOG_COMPILER_GENERATE_SWIFT_ASSET_SYMBOL_EXTENSIONS = YES;
				CLANG_ANALYZER_NONNULL = YES;
				CLANG_ANALYZER_NUMBER_OBJECT_CONVERSION = YES_AGGRESSIVE;
				CLANG_CXX_LANGUAGE_STANDARD = "gnu++20";
				CLANG_ENABLE_MODULES = YES;
				CLANG_ENABLE_OBJC_ARC = YES;
				CLANG_ENABLE_OBJC_WEAK = YES;
				CLANG_WARN_BLOCK_CAPTURE_AUTORELEASING = YES;
				CLANG_WARN_BOOL_CONVERSION = YES;
				CLANG_WARN_COMMA = YES;
				CLANG_WARN_CONSTANT_CONVERSION = YES;
				CLANG_WARN_DEPRECATED_OBJC_IMPLEMENTATIONS = YES;
				CLANG_WARN_DIRECT_OBJC_ISA_USAGE = YES_ERROR;
				CLANG_WARN_DOCUMENTATION_COMMENTS = YES;
				CLANG_WARN_EMPTY_BODY = YES;
				CLANG_WARN_ENUM_CONVERSION = YES;
				CLANG_WARN_INFINITE_RECURSION = YES;
				CLANG_WARN_INT_CONVERSION = YES;
				CLANG_WARN_NON_LITERAL_NULL_CONVERSION = YES;
				CLANG_WARN_OBJC_IMPLICIT_RETAIN_SELF = YES;
				CLANG_WARN_OBJC_LITERAL_CONVERSION = YES;
				CLANG_WARN_OBJC_ROOT_CLASS = YES_ERROR;
				CLANG_WARN_QUOTED_INCLUDE_IN_FRAMEWORK_HEADER = YES;
				CLANG_WARN_RANGE_LOOP_ANALYSIS = YES;
				CLANG_WARN_STRICT_PROTOTYPES = YES;
				CLANG_WARN_SUSPICIOUS_MOVE = YES;
				CLANG_WARN_UNGUARDED_AVAILABILITY = YES_AGGRESSIVE;
				CLANG_WARN_UNREACHABLE_CODE = YES;
				CLANG_WARN__DUPLICATE_METHOD_MATCH = YES;
				COPY_PHASE_STRIP = NO;
				DEBUG_INFORMATION_FORMAT = "dwarf-with-dsym";
				ENABLE_NS_ASSERTIONS = NO;
				ENABLE_STRICT_OBJC_MSGSEND = YES;
				ENABLE_USER_SCRIPT_SANDBOXING = YES;
				GCC_C_LANGUAGE_STANDARD = gnu17;
				GCC_NO_COMMON_BLOCKS = YES;
				GCC_WARN_64_TO_32_BIT_CONVERSION = YES;
				GCC_WARN_ABOUT_RETURN_TYPE = YES_ERROR;
				GCC_WARN_UNDECLARED_SELECTOR = YES;
				GCC_WARN_UNINITIALIZED_AUTOS = YES_AGGRESSIVE;
				GCC_WARN_UNUSED_FUNCTION = YES;
				GCC_WARN_UNUSED_VARIABLE = YES;
				IPHONEOS_DEPLOYMENT_TARGET = 18.2;
				LOCALIZATION_PREFERS_STRING_CATALOGS = YES;
				MTL_ENABLE_DEBUG_INFO = NO;
				MTL_FAST_MATH = YES;
				SDKROOT = iphoneos;
				SWIFT_COMPILATION_MODE = wholemodule;
				VALIDATE_PRODUCT = YES;
			};
			name = Release;
		};
		EEDBFDA12FF81CC00092E800 /* Debug */ = {
			isa = XCBuildConfiguration;
			buildSettings = {
				ASSETCATALOG_COMPILER_APPICON_NAME = AppIcon;
				ASSETCATALOG_COMPILER_GLOBAL_ACCENT_COLOR_NAME = AccentColor;
				CODE_SIGN_STYLE = Automatic;
				CURRENT_PROJECT_VERSION = 1;
				DEVELOPMENT_ASSET_PATHS = "\"LittleGalileo/Preview Content\"";
				DEVELOPMENT_TEAM = 2R69692438;
				ENABLE_PREVIEWS = YES;
				GENERATE_INFOPLIST_FILE = YES;
				INFOPLIST_KEY_UIApplicationSceneManifest_Generation = YES;
				INFOPLIST_KEY_UIApplicationSupportsIndirectInputEvents = YES;
				INFOPLIST_KEY_UILaunchScreen_Generation = YES;
				INFOPLIST_KEY_UISupportedInterfaceOrientations_iPad = "UIInterfaceOrientationPortrait UIInterfaceOrientationPortraitUpsideDown UIInterfaceOrientationLandscapeLeft UIInterfaceOrientationLandscapeRight";
				INFOPLIST_KEY_UISupportedInterfaceOrientations_iPhone = "UIInterfaceOrientationPortrait UIInterfaceOrientationLandscapeLeft UIInterfaceOrientationLandscapeRight";
				LD_RUNPATH_SEARCH_PATHS = (
					"$(inherited)",
					"@executable_path/Frameworks",
				);
				MARKETING_VERSION = 1.0;
				PRODUCT_BUNDLE_IDENTIFIER = com.LittleGalileo;
				PRODUCT_NAME = "$(TARGET_NAME)";
				SWIFT_EMIT_LOC_STRINGS = YES;
				SWIFT_VERSION = 5.0;
				TARGETED_DEVICE_FAMILY = "1,2";
			};
			name = Debug;
		};
		EEDBFDA22FF81CC00092E800 /* Release */ = {
			isa = XCBuildConfiguration;
			buildSettings = {
				ASSETCATALOG_COMPILER_APPICON_NAME = AppIcon;
				ASSETCATALOG_COMPILER_GLOBAL_ACCENT_COLOR_NAME = AccentColor;
				CODE_SIGN_STYLE = Automatic;
				CURRENT_PROJECT_VERSION = 1;
				DEVELOPMENT_ASSET_PATHS = "\"LittleGalileo/Preview Content\"";
				DEVELOPMENT_TEAM = 2R69692438;
				ENABLE_PREVIEWS = YES;
				GENERATE_INFOPLIST_FILE = YES;
				INFOPLIST_KEY_UIApplicationSceneManifest_Generation = YES;
				INFOPLIST_KEY_UIApplicationSupportsIndirectInputEvents = YES;
				INFOPLIST_KEY_UILaunchScreen_Generation = YES;
				INFOPLIST_KEY_UISupportedInterfaceOrientations_iPad = "UIInterfaceOrientationPortrait UIInterfaceOrientationPortraitUpsideDown UIInterfaceOrientationLandscapeLeft UIInterfaceOrientationLandscapeRight";
				INFOPLIST_KEY_UISupportedInterfaceOrientations_iPhone = "UIInterfaceOrientationPortrait UIInterfaceOrientationLandscapeLeft UIInterfaceOrientationLandscapeRight";
				LD_RUNPATH_SEARCH_PATHS = (
					"$(inherited)",
					"@executable_path/Frameworks",
				);
				MARKETING_VERSION = 1.0;
				PRODUCT_BUNDLE_IDENTIFIER = com.LittleGalileo;
				PRODUCT_NAME = "$(TARGET_NAME)";
				SWIFT_EMIT_LOC_STRINGS = YES;
				SWIFT_VERSION = 5.0;
				TARGETED_DEVICE_FAMILY = "1,2";
			};
			name = Release;
		};
		EEDBFDA42FF81CC00092E800 /* Debug */ = {
			isa = XCBuildConfiguration;
			buildSettings = {
				BUNDLE_LOADER = "$(TEST_HOST)";
				CODE_SIGN_STYLE = Automatic;
				CURRENT_PROJECT_VERSION = 1;
				DEVELOPMENT_TEAM = 2R69692438;
				GENERATE_INFOPLIST_FILE = YES;
				IPHONEOS_DEPLOYMENT_TARGET = 18.2;
				MARKETING_VERSION = 1.0;
				PRODUCT_BUNDLE_IDENTIFIER = com.LittleGalileoTests;
				PRODUCT_NAME = "$(TARGET_NAME)";
				SWIFT_EMIT_LOC_STRINGS = NO;
				SWIFT_VERSION = 5.0;
				TARGETED_DEVICE_FAMILY = "1,2";
				TEST_HOST = "$(BUILT_PRODUCTS_DIR)/LittleGalileo.app/$(BUNDLE_EXECUTABLE_FOLDER_PATH)/LittleGalileo";
			};
			name = Debug;
		};
		EEDBFDA52FF81CC00092E800 /* Release */ = {
			isa = XCBuildConfiguration;
			buildSettings = {
				BUNDLE_LOADER = "$(TEST_HOST)";
				CODE_SIGN_STYLE = Automatic;
				CURRENT_PROJECT_VERSION = 1;
				DEVELOPMENT_TEAM = 2R69692438;
				GENERATE_INFOPLIST_FILE = YES;
				IPHONEOS_DEPLOYMENT_TARGET = 18.2;
				MARKETING_VERSION = 1.0;
				PRODUCT_BUNDLE_IDENTIFIER = com.LittleGalileoTests;
				PRODUCT_NAME = "$(TARGET_NAME)";
				SWIFT_EMIT_LOC_STRINGS = NO;
				SWIFT_VERSION = 5.0;
				TARGETED_DEVICE_FAMILY = "1,2";
				TEST_HOST = "$(BUILT_PRODUCTS_DIR)/LittleGalileo.app/$(BUNDLE_EXECUTABLE_FOLDER_PATH)/LittleGalileo";
			};
			name = Release;
		};
		EEDBFDA72FF81CC00092E800 /* Debug */ = {
			isa = XCBuildConfiguration;
			buildSettings = {
				CODE_SIGN_STYLE = Automatic;
				CURRENT_PROJECT_VERSION = 1;
				DEVELOPMENT_TEAM = 2R69692438;
				GENERATE_INFOPLIST_FILE = YES;
				MARKETING_VERSION = 1.0;
				PRODUCT_BUNDLE_IDENTIFIER = com.LittleGalileoUITests;
				PRODUCT_NAME = "$(TARGET_NAME)";
				SWIFT_EMIT_LOC_STRINGS = NO;
				SWIFT_VERSION = 5.0;
				TARGETED_DEVICE_FAMILY = "1,2";
				TEST_TARGET_NAME = LittleGalileo;
			};
			name = Debug;
		};
		EEDBFDA82FF81CC00092E800 /* Release */ = {
			isa = XCBuildConfiguration;
			buildSettings = {
				CODE_SIGN_STYLE = Automatic;
				CURRENT_PROJECT_VERSION = 1;
				DEVELOPMENT_TEAM = 2R69692438;
				GENERATE_INFOPLIST_FILE = YES;
				MARKETING_VERSION = 1.0;
				PRODUCT_BUNDLE_IDENTIFIER = com.LittleGalileoUITests;
				PRODUCT_NAME = "$(TARGET_NAME)";
				SWIFT_EMIT_LOC_STRINGS = NO;
				SWIFT_VERSION = 5.0;
				TARGETED_DEVICE_FAMILY = "1,2";
				TEST_TARGET_NAME = LittleGalileo;
			};
			name = Release;
		};
/* End XCBuildConfiguration section */

/* Begin XCConfigurationList section */
		EEDBFD772FF81CBF0092E800 /* Build configuration list for PBXProject "LittleGalileo" */ = {
			isa = XCConfigurationList;
			buildConfigurations = (
				EEDBFD9E2FF81CC00092E800 /* Debug */,
				EEDBFD9F2FF81CC00092E800 /* Release */,
			);
			defaultConfigurationIsVisible = 0;
			defaultConfigurationName = Release;
		};
		EEDBFDA02FF81CC00092E800 /* Build configuration list for PBXNativeTarget "LittleGalileo" */ = {
			isa = XCConfigurationList;
			buildConfigurations = (
				EEDBFDA12FF81CC00092E800 /* Debug */,
				EEDBFDA22FF81CC00092E800 /* Release */,
			);
			defaultConfigurationIsVisible = 0;
			defaultConfigurationName = Release;
		};
		EEDBFDA32FF81CC00092E800 /* Build configuration list for PBXNativeTarget "LittleGalileoTests" */ = {
			isa = XCConfigurationList;
			buildConfigurations = (
				EEDBFDA42FF81CC00092E800 /* Debug */,
				EEDBFDA52FF81CC00092E800 /* Release */,
			);
			defaultConfigurationIsVisible = 0;
			defaultConfigurationName = Release;
		};
		EEDBFDA62FF81CC00092E800 /* Build configuration list for PBXNativeTarget "LittleGalileoUITests" */ = {
			isa = XCConfigurationList;
			buildConfigurations = (
				EEDBFDA72FF81CC00092E800 /* Debug */,
				EEDBFDA82FF81CC00092E800 /* Release */,
			);
			defaultConfigurationIsVisible = 0;
			defaultConfigurationName = Release;
		};
/* End XCConfigurationList section */
	};
	rootObject = EEDBFD742FF81CBF0092E800 /* Project object */;
}
